
Microsoft Visual Studio Solution File, Format Version 12.00
# Visual Studio Version 17
VisualStudioVersion = 17.9.34616.47
MinimumVisualStudioVersion = 10.0.40219.1
Project("{FAE04EC0-301F-11D3-BF4B-00C04F79EFBC}") = "cMainatoS5B", "cMainatoS5B.csproj", "{329C9356-BE9F-405C-83F6-0289E63C9BED}"
EndProject
Global
	GlobalSection(SolutionConfigurationPlatforms) = preSolution
		Debug|Any CPU = Debug|Any CPU
		Release|Any CPU = Release|Any CPU
	EndGlobalSection
	GlobalSection(ProjectConfigurationPlatforms) = postSolution
		{329C9356-BE9F-405C-83F6-0289E63C9BED}.Debug|Any CPU.ActiveCfg = Debug|Any CPU
		{329C9356-BE9F-405C-83F6-0289E63C9BED}.Debug|Any CPU.Build.0 = Debug|Any CPU
		{329C9356-BE9F-405C-83F6-0289E63C9BED}.Debug|Any CPU.Deploy.0 = Debug|Any CPU
		{329C9356-BE9F-405C-83F6-0289E63C9BED}.Release|Any CPU.ActiveCfg = Release|Any CPU
		{329C9356-BE9F-405C-83F6-0289E63C9BED}.Release|Any CPU.Build.0 = Release|Any CPU
		{329C9356-BE9F-405C-83F6-0289E63C9BED}.Release|Any CPU.Deploy.0 = Release|Any CPU
	EndGlobalSection
	GlobalSection(SolutionProperties) = preSolution
		HideSolutionNode = FALSE
	EndGlobalSection
	GlobalSection(ExtensibilityGlobals) = postSolution
		SolutionGuid = {FE3E3AD2-A7A1-4C6C-97D3-619EB42FBC30}
	EndGlobalSection
EndGlobal
